
Microsoft Visual Studio Solution File, Format Version 12.00
# Visual Studio 2013
VisualStudioVersion = 12.0.31101.0
MinimumVisualStudioVersion = 10.0.40219.1
Project("{FAE04EC0-301F-11D3-BF4B-00C04F79EFBC}") = "Yagi.Core", "Yagi.Core\Yagi.Core.csproj", "{72BCA3D5-4FC6-4E31-BFEE-250055DDAE5A}"
EndProject
Project("{FAE04EC0-301F-11D3-BF4B-00C04F79EFBC}") = "Yagi.Tests", "Yagi.Tests\Yagi.Tests.csproj", "{A67EA231-7568-42FE-8BD2-140656EEBF4F}"
EndProject
Project("{FAE04EC0-301F-11D3-BF4B-00C04F79EFBC}") = "Yagi.UI", "Yagi.UI\Yagi.UI.csproj", "{4862C9A3-05EE-4F89-B99B-D31CF95F3887}"
EndProject
Project("{6141683F-8A12-4E36-9623-2EB02B2C2303}") = "YagmSetup", "YagmSetup\YagmSetup.isproj", "{47D9BCE4-597E-4416-AD15-D2725894D780}"
EndProject
Global
	GlobalSection(SolutionConfigurationPlatforms) = preSolution
		CD_ROM|Any CPU = CD_ROM|Any CPU
		Debug|Any CPU = Debug|Any CPU
		DVD-5|Any CPU = DVD-5|Any CPU
		Release|Any CPU = Release|Any CPU
		SingleImage|Any CPU = SingleImage|Any CPU
	EndGlobalSection
	GlobalSection(ProjectConfigurationPlatforms) = postSolution
		{72BCA3D5-4FC6-4E31-BFEE-250055DDAE5A}.CD_ROM|Any CPU.ActiveCfg = Release|Any CPU
		{72BCA3D5-4FC6-4E31-BFEE-250055DDAE5A}.CD_ROM|Any CPU.Build.0 = Release|Any CPU
		{72BCA3D5-4FC6-4E31-BFEE-250055DDAE5A}.Debug|Any CPU.ActiveCfg = Debug|Any CPU
		{72BCA3D5-4FC6-4E31-BFEE-250055DDAE5A}.Debug|Any CPU.Build.0 = Debug|Any CPU
		{72BCA3D5-4FC6-4E31-BFEE-250055DDAE5A}.DVD-5|Any CPU.ActiveCfg = Debug|Any CPU
		{72BCA3D5-4FC6-4E31-BFEE-250055DDAE5A}.DVD-5|Any CPU.Build.0 = Debug|Any CPU
		{72BCA3D5-4FC6-4E31-BFEE-250055DDAE5A}.Release|Any CPU.ActiveCfg = Release|Any CPU
		{72BCA3D5-4FC6-4E31-BFEE-250055DDAE5A}.Release|Any CPU.Build.0 = Release|Any CPU
		{72BCA3D5-4FC6-4E31-BFEE-250055DDAE5A}.SingleImage|Any CPU.ActiveCfg = Release|Any CPU
		{72BCA3D5-4FC6-4E31-BFEE-250055DDAE5A}.SingleImage|Any CPU.Build.0 = Release|Any CPU
		{A67EA231-7568-42FE-8BD2-140656EEBF4F}.CD_ROM|Any CPU.ActiveCfg = Release|Any CPU
		{A67EA231-7568-42FE-8BD2-140656EEBF4F}.CD_ROM|Any CPU.Build.0 = Release|Any CPU
		{A67EA231-7568-42FE-8BD2-140656EEBF4F}.Debug|Any CPU.ActiveCfg = Debug|Any CPU
		{A67EA231-7568-42FE-8BD2-140656EEBF4F}.Debug|Any CPU.Build.0 = Debug|Any CPU
		{A67EA231-7568-42FE-8BD2-140656EEBF4F}.DVD-5|Any CPU.ActiveCfg = Debug|Any CPU
		{A67EA231-7568-42FE-8BD2-140656EEBF4F}.DVD-5|Any CPU.Build.0 = Debug|Any CPU
		{A67EA231-7568-42FE-8BD2-140656EEBF4F}.Release|Any CPU.ActiveCfg = Release|Any CPU
		{A67EA231-7568-42FE-8BD2-140656EEBF4F}.Release|Any CPU.Build.0 = Release|Any CPU
		{A67EA231-7568-42FE-8BD2-140656EEBF4F}.SingleImage|Any CPU.ActiveCfg = Release|Any CPU
		{A67EA231-7568-42FE-8BD2-140656EEBF4F}.SingleImage|Any CPU.Build.0 = Release|Any CPU
		{4862C9A3-05EE-4F89-B99B-D31CF95F3887}.CD_ROM|Any CPU.ActiveCfg = Release|Any CPU
		{4862C9A3-05EE-4F89-B99B-D31CF95F3887}.CD_ROM|Any CPU.Build.0 = Release|Any CPU
		{4862C9A3-05EE-4F89-B99B-D31CF95F3887}.Debug|Any CPU.ActiveCfg = Debug|Any CPU
		{4862C9A3-05EE-4F89-B99B-D31CF95F3887}.Debug|Any CPU.Build.0 = Debug|Any CPU
		{4862C9A3-05EE-4F89-B99B-D31CF95F3887}.DVD-5|Any CPU.ActiveCfg = Debug|Any CPU
		{4862C9A3-05EE-4F89-B99B-D31CF95F3887}.DVD-5|Any CPU.Build.0 = Debug|Any CPU
		{4862C9A3-05EE-4F89-B99B-D31CF95F3887}.Release|Any CPU.ActiveCfg = Release|Any CPU
		{4862C9A3-05EE-4F89-B99B-D31CF95F3887}.Release|Any CPU.Build.0 = Release|Any CPU
		{4862C9A3-05EE-4F89-B99B-D31CF95F3887}.SingleImage|Any CPU.ActiveCfg = Release|Any CPU
		{4862C9A3-05EE-4F89-B99B-D31CF95F3887}.SingleImage|Any CPU.Build.0 = Release|Any CPU
		{47D9BCE4-597E-4416-AD15-D2725894D780}.CD_ROM|Any CPU.ActiveCfg = CD_ROM
		{47D9BCE4-597E-4416-AD15-D2725894D780}.CD_ROM|Any CPU.Build.0 = CD_ROM
		{47D9BCE4-597E-4416-AD15-D2725894D780}.Debug|Any CPU.ActiveCfg = DVD-5
		{47D9BCE4-597E-4416-AD15-D2725894D780}.Debug|Any CPU.Build.0 = DVD-5
		{47D9BCE4-597E-4416-AD15-D2725894D780}.DVD-5|Any CPU.ActiveCfg = DVD-5
		{47D9BCE4-597E-4416-AD15-D2725894D780}.DVD-5|Any CPU.Build.0 = DVD-5
		{47D9BCE4-597E-4416-AD15-D2725894D780}.Release|Any CPU.ActiveCfg = SingleImage
		{47D9BCE4-597E-4416-AD15-D2725894D780}.Release|Any CPU.Build.0 = SingleImage
		{47D9BCE4-597E-4416-AD15-D2725894D780}.SingleImage|Any CPU.ActiveCfg = SingleImage
		{47D9BCE4-597E-4416-AD15-D2725894D780}.SingleImage|Any CPU.Build.0 = SingleImage
	EndGlobalSection
	GlobalSection(SolutionProperties) = preSolution
		HideSolutionNode = FALSE
	EndGlobalSection
EndGlobal
